Microsoft Visual Studio Solution File, Format Version 12.00
# Visual Studio 2012
Project("{FAE04EC0-301F-11D3-BF4B-00C04F79EFBC}") = "SpaceInvaders", "SpaceInvaders.csproj", "{3C1047AE-8EAA-4AF9-958F-8EADD7BC1ACA}"
EndProject
Global
	GlobalSection(SolutionConfigurationPlatforms) = preSolution
	Debug|Any CPU = Debug|Any CPU
	ExportDebug|Any CPU = ExportDebug|Any CPU
	ExportRelease|Any CPU = ExportRelease|Any CPU
	EndGlobalSection
	GlobalSection(ProjectConfigurationPlatforms) = postSolution
		{3C1047AE-8EAA-4AF9-958F-8EADD7BC1ACA}.Debug|Any CPU.ActiveCfg = Debug|Any CPU
		{3C1047AE-8EAA-4AF9-958F-8EADD7BC1ACA}.Debug|Any CPU.Build.0 = Debug|Any CPU
		{3C1047AE-8EAA-4AF9-958F-8EADD7BC1ACA}.ExportDebug|Any CPU.ActiveCfg = ExportDebug|Any CPU
		{3C1047AE-8EAA-4AF9-958F-8EADD7BC1ACA}.ExportDebug|Any CPU.Build.0 = ExportDebug|Any CPU
		{3C1047AE-8EAA-4AF9-958F-8EADD7BC1ACA}.ExportRelease|Any CPU.ActiveCfg = ExportRelease|Any CPU
		{3C1047AE-8EAA-4AF9-958F-8EADD7BC1ACA}.ExportRelease|Any CPU.Build.0 = ExportRelease|Any CPU
	EndGlobalSection
EndGlobal
